
Microsoft Visual Studio Solution File, Format Version 12.00
# Visual Studio 15
VisualStudioVersion = 15.0.26430.15
MinimumVisualStudioVersion = 10.0.40219.1
Project("{2150E333-8FDC-42A3-9474-1A3956D46DE8}") = "src", "src", "{DECB8D5A-2DA1-4B3B-8325-477FFD50F61F}"
EndProject
Project("{2150E333-8FDC-42A3-9474-1A3956D46DE8}") = "Solution Items", "Solution Items", "{ACBFDBB9-AB47-46FE-B6F3-515605256157}"
EndProject
Project("{9A19103F-16F7-4668-BE54-9A1E7A4F7556}") = "CTP.API", "src\CTP.API\CTP.API.csproj", "{8C87B151-6F6A-4817-8016-F5A5A0B9452C}"
EndProject
Project("{9A19103F-16F7-4668-BE54-9A1E7A4F7556}") = "CTP.Redis", "src\CTP.Redis\CTP.Redis.csproj", "{E109BB5F-B84A-4FAA-82F8-8A5DF58A4B02}"
EndProject
Project("{9A19103F-16F7-4668-BE54-9A1E7A4F7556}") = "DataSynchronization", "DataSynchronization\DataSynchronization.csproj", "{532EFEC5-8644-493E-9D3E-129B748B3A6B}"
EndProject
Project("{9A19103F-16F7-4668-BE54-9A1E7A4F7556}") = "Util", "Util\Util.csproj", "{5905B808-FA35-47AE-B7CE-B41A9A060201}"
EndProject
Global
	GlobalSection(SolutionConfigurationPlatforms) = preSolution
		Debug|Any CPU = Debug|Any CPU
		Release|Any CPU = Release|Any CPU
	EndGlobalSection
	GlobalSection(ProjectConfigurationPlatforms) = postSolution
		{8C87B151-6F6A-4817-8016-F5A5A0B9452C}.Debug|Any CPU.ActiveCfg = Debug|Any CPU
		{8C87B151-6F6A-4817-8016-F5A5A0B9452C}.Debug|Any CPU.Build.0 = Debug|Any CPU
		{8C87B151-6F6A-4817-8016-F5A5A0B9452C}.Release|Any CPU.ActiveCfg = Release|Any CPU
		{8C87B151-6F6A-4817-8016-F5A5A0B9452C}.Release|Any CPU.Build.0 = Release|Any CPU
		{E109BB5F-B84A-4FAA-82F8-8A5DF58A4B02}.Debug|Any CPU.ActiveCfg = Debug|Any CPU
		{E109BB5F-B84A-4FAA-82F8-8A5DF58A4B02}.Debug|Any CPU.Build.0 = Debug|Any CPU
		{E109BB5F-B84A-4FAA-82F8-8A5DF58A4B02}.Release|Any CPU.ActiveCfg = Release|Any CPU
		{E109BB5F-B84A-4FAA-82F8-8A5DF58A4B02}.Release|Any CPU.Build.0 = Release|Any CPU
		{532EFEC5-8644-493E-9D3E-129B748B3A6B}.Debug|Any CPU.ActiveCfg = Debug|Any CPU
		{532EFEC5-8644-493E-9D3E-129B748B3A6B}.Debug|Any CPU.Build.0 = Debug|Any CPU
		{532EFEC5-8644-493E-9D3E-129B748B3A6B}.Release|Any CPU.ActiveCfg = Release|Any CPU
		{532EFEC5-8644-493E-9D3E-129B748B3A6B}.Release|Any CPU.Build.0 = Release|Any CPU
		{5905B808-FA35-47AE-B7CE-B41A9A060201}.Debug|Any CPU.ActiveCfg = Debug|Any CPU
		{5905B808-FA35-47AE-B7CE-B41A9A060201}.Debug|Any CPU.Build.0 = Debug|Any CPU
		{5905B808-FA35-47AE-B7CE-B41A9A060201}.Release|Any CPU.ActiveCfg = Release|Any CPU
		{5905B808-FA35-47AE-B7CE-B41A9A060201}.Release|Any CPU.Build.0 = Release|Any CPU
	EndGlobalSection
	GlobalSection(SolutionProperties) = preSolution
		HideSolutionNode = FALSE
	EndGlobalSection
	GlobalSection(NestedProjects) = preSolution
		{8C87B151-6F6A-4817-8016-F5A5A0B9452C} = {DECB8D5A-2DA1-4B3B-8325-477FFD50F61F}
		{E109BB5F-B84A-4FAA-82F8-8A5DF58A4B02} = {DECB8D5A-2DA1-4B3B-8325-477FFD50F61F}
		{532EFEC5-8644-493E-9D3E-129B748B3A6B} = {DECB8D5A-2DA1-4B3B-8325-477FFD50F61F}
		{5905B808-FA35-47AE-B7CE-B41A9A060201} = {DECB8D5A-2DA1-4B3B-8325-477FFD50F61F}
	EndGlobalSection
EndGlobal
